
Microsoft Visual Studio Solution File, Format Version 12.00
# Visual Studio 15
VisualStudioVersion = 15.0.28010.2019
MinimumVisualStudioVersion = 10.0.40219.1
Project("{FAE04EC0-301F-11D3-BF4B-00C04F79EFBC}") = "ServiceRestExample", "ServiceRestExample\ServiceRestExample.csproj", "{319884F4-0F73-49B2-8272-5A3DE8FAD1B3}"
EndProject
Global
	GlobalSection(SolutionConfigurationPlatforms) = preSolution
		Debug|Any CPU = Debug|Any CPU
		Release|Any CPU = Release|Any CPU
	EndGlobalSection
	GlobalSection(ProjectConfigurationPlatforms) = postSolution
		{319884F4-0F73-49B2-8272-5A3DE8FAD1B3}.Debug|Any CPU.ActiveCfg = Debug|Any CPU
		{319884F4-0F73-49B2-8272-5A3DE8FAD1B3}.Debug|Any CPU.Build.0 = Debug|Any CPU
		{319884F4-0F73-49B2-8272-5A3DE8FAD1B3}.Release|Any CPU.ActiveCfg = Release|Any CPU
		{319884F4-0F73-49B2-8272-5A3DE8FAD1B3}.Release|Any CPU.Build.0 = Release|Any CPU
	EndGlobalSection
	GlobalSection(SolutionProperties) = preSolution
		HideSolutionNode = FALSE
	EndGlobalSection
	GlobalSection(ExtensibilityGlobals) = postSolution
		SolutionGuid = {86DB2758-82F9-4487-A37B-7C2862106870}
	EndGlobalSection
EndGlobal
